
Microsoft Visual Studio Solution File, Format Version 12.00
# Visual Studio 15
VisualStudioVersion = 15.0.28010.2048
MinimumVisualStudioVersion = 10.0.40219.1
Project("{FAE04EC0-301F-11D3-BF4B-00C04F79EFBC}") = "AppTrivial.Android", "AppTrivial\AppTrivial.Android\AppTrivial.Android.csproj", "{43F9DC27-A309-44F1-8DF1-75896C50E75C}"
EndProject
Project("{FAE04EC0-301F-11D3-BF4B-00C04F79EFBC}") = "AppTrivial.iOS", "AppTrivial\AppTrivial.iOS\AppTrivial.iOS.csproj", "{BC2C3BC5-CB62-4E3A-B664-7900CC75D716}"
EndProject
Project("{FAE04EC0-301F-11D3-BF4B-00C04F79EFBC}") = "AppTrivial.UWP", "AppTrivial\AppTrivial.UWP\AppTrivial.UWP.csproj", "{A1BA24E9-C9B6-4F5A-B8B4-28BB34C67A40}"
EndProject
Project("{FAE04EC0-301F-11D3-BF4B-00C04F79EFBC}") = "AppTrivial", "AppTrivial\AppTrivial\AppTrivial.csproj", "{D3AC18B0-9D2A-4A36-B358-C0B1A714876C}"
EndProject
Global
	GlobalSection(SolutionConfigurationPlatforms) = preSolution
		Ad-Hoc|Any CPU = Ad-Hoc|Any CPU
		Ad-Hoc|ARM = Ad-Hoc|ARM
		Ad-Hoc|iPhone = Ad-Hoc|iPhone
		Ad-Hoc|iPhoneSimulator = Ad-Hoc|iPhoneSimulator
		Ad-Hoc|x64 = Ad-Hoc|x64
		Ad-Hoc|x86 = Ad-Hoc|x86
		AppStore|Any CPU = AppStore|Any CPU
		AppStore|ARM = AppStore|ARM
		AppStore|iPhone = AppStore|iPhone
		AppStore|iPhoneSimulator = AppStore|iPhoneSimulator
		AppStore|x64 = AppStore|x64
		AppStore|x86 = AppStore|x86
		Debug|Any CPU = Debug|Any CPU
		Debug|ARM = Debug|ARM
		Debug|iPhone = Debug|iPhone
		Debug|iPhoneSimulator = Debug|iPhoneSimulator
		Debug|x64 = Debug|x64
		Debug|x86 = Debug|x86
		Release|Any CPU = Release|Any CPU
		Release|ARM = Release|ARM
		Release|iPhone = Release|iPhone
		Release|iPhoneSimulator = Release|iPhoneSimulator
		Release|x64 = Release|x64
		Release|x86 = Release|x86
	EndGlobalSection
	GlobalSection(ProjectConfigurationPlatforms) = postSolution
		{43F9DC27-A309-44F1-8DF1-75896C50E75C}.Ad-Hoc|Any CPU.ActiveCfg = Release|Any CPU
		{43F9DC27-A309-44F1-8DF1-75896C50E75C}.Ad-Hoc|Any CPU.Build.0 = Release|Any CPU
		{43F9DC27-A309-44F1-8DF1-75896C50E75C}.Ad-Hoc|Any CPU.Deploy.0 = Release|Any CPU
		{43F9DC27-A309-44F1-8DF1-75896C50E75C}.Ad-Hoc|ARM.ActiveCfg = Release|Any CPU
		{43F9DC27-A309-44F1-8DF1-75896C50E75C}.Ad-Hoc|ARM.Build.0 = Release|Any CPU
		{43F9DC27-A309-44F1-8DF1-75896C50E75C}.Ad-Hoc|ARM.Deploy.0 = Release|Any CPU
		{43F9DC27-A309-44F1-8DF1-75896C50E75C}.Ad-Hoc|iPhone.ActiveCfg = Release|Any CPU
		{43F9DC27-A309-44F1-8DF1-75896C50E75C}.Ad-Hoc|iPhone.Build.0 = Release|Any CPU
		{43F9DC27-A309-44F1-8DF1-75896C50E75C}.Ad-Hoc|iPhone.Deploy.0 = Release|Any CPU
		{43F9DC27-A309-44F1-8DF1-75896C50E75C}.Ad-Hoc|iPhoneSimulator.ActiveCfg = Release|Any CPU
		{43F9DC27-A309-44F1-8DF1-75896C50E75C}.Ad-Hoc|iPhoneSimulator.Build.0 = Release|Any CPU
		{43F9DC27-A309-44F1-8DF1-75896C50E75C}.Ad-Hoc|iPhoneSimulator.Deploy.0 = Release|Any CPU
		{43F9DC27-A309-44F1-8DF1-75896C50E75C}.Ad-Hoc|x64.ActiveCfg = Release|Any CPU
		{43F9DC27-A309-44F1-8DF1-75896C50E75C}.Ad-Hoc|x64.Build.0 = Release|Any CPU
		{43F9DC27-A309-44F1-8DF1-75896C50E75C}.Ad-Hoc|x64.Deploy.0 = Release|Any CPU
		{43F9DC27-A309-44F1-8DF1-75896C50E75C}.Ad-Hoc|x86.ActiveCfg = Release|Any CPU
		{43F9DC27-A309-44F1-8DF1-75896C50E75C}.Ad-Hoc|x86.Build.0 = Release|Any CPU
		{43F9DC27-A309-44F1-8DF1-75896C50E75C}.Ad-Hoc|x86.Deploy.0 = Release|Any CPU
		{43F9DC27-A309-44F1-8DF1-75896C50E75C}.AppStore|Any CPU.ActiveCfg = Release|Any CPU
		{43F9DC27-A309-44F1-8DF1-75896C50E75C}.AppStore|Any CPU.Build.0 = Release|Any CPU
		{43F9DC27-A309-44F1-8DF1-75896C50E75C}.AppStore|Any CPU.Deploy.0 = Release|Any CPU
		{43F9DC27-A309-44F1-8DF1-75896C50E75C}.AppStore|ARM.ActiveCfg = Release|Any CPU
		{43F9DC27-A309-44F1-8DF1-75896C50E75C}.AppStore|ARM.Build.0 = Release|Any CPU
		{43F9DC27-A309-44F1-8DF1-75896C50E75C}.AppStore|ARM.Deploy.0 = Release|Any CPU
		{43F9DC27-A309-44F1-8DF1-75896C50E75C}.AppStore|iPhone.ActiveCfg = Release|Any CPU
		{43F9DC27-A309-44F1-8DF1-75896C50E75C}.AppStore|iPhone.Build.0 = Release|Any CPU
		{43F9DC27-A309-44F1-8DF1-75896C50E75C}.AppStore|iPhone.Deploy.0 = Release|Any CPU
		{43F9DC27-A309-44F1-8DF1-75896C50E75C}.AppStore|iPhoneSimulator.ActiveCfg = Release|Any CPU
		{43F9DC27-A309-44F1-8DF1-75896C50E75C}.AppStore|iPhoneSimulator.Build.0 = Release|Any CPU
		{43F9DC27-A309-44F1-8DF1-75896C50E75C}.AppStore|iPhoneSimulator.Deploy.0 = Release|Any CPU
		{43F9DC27-A309-44F1-8DF1-75896C50E75C}.AppStore|x64.ActiveCfg = Release|Any CPU
		{43F9DC27-A309-44F1-8DF1-75896C50E75C}.AppStore|x64.Build.0 = Release|Any CPU
		{43F9DC27-A309-44F1-8DF1-75896C50E75C}.AppStore|x64.Deploy.0 = Release|Any CPU
		{43F9DC27-A309-44F1-8DF1-75896C50E75C}.AppStore|x86.ActiveCfg = Release|Any CPU
		{43F9DC27-A309-44F1-8DF1-75896C50E75C}.AppStore|x86.Build.0 = Release|Any CPU
		{43F9DC27-A309-44F1-8DF1-75896C50E75C}.AppStore|x86.Deploy.0 = Release|Any CPU
		{43F9DC27-A309-44F1-8DF1-75896C50E75C}.Debug|Any CPU.ActiveCfg = Debug|Any CPU
		{43F9DC27-A309-44F1-8DF1-75896C50E75C}.Debug|Any CPU.Build.0 = Debug|Any CPU
		{43F9DC27-A309-44F1-8DF1-75896C50E75C}.Debug|Any CPU.Deploy.0 = Debug|Any CPU
		{43F9DC27-A309-44F1-8DF1-75896C50E75C}.Debug|ARM.ActiveCfg = Debug|Any CPU
		{43F9DC27-A309-44F1-8DF1-75896C50E75C}.Debug|ARM.Build.0 = Debug|Any CPU
		{43F9DC27-A309-44F1-8DF1-75896C50E75C}.Debug|ARM.Deploy.0 = Debug|Any CPU
		{43F9DC27-A309-44F1-8DF1-75896C50E75C}.Debug|iPhone.ActiveCfg = Debug|Any CPU
		{43F9DC27-A309-44F1-8DF1-75896C50E75C}.Debug|iPhone.Build.0 = Debug|Any CPU
		{43F9DC27-A309-44F1-8DF1-75896C50E75C}.Debug|iPhone.Deploy.0 = Debug|Any CPU
		{43F9DC27-A309-44F1-8DF1-75896C50E75C}.Debug|iPhoneSimulator.ActiveCfg = Debug|Any CPU
		{43F9DC27-A309-44F1-8DF1-75896C50E75C}.Debug|iPhoneSimulator.Build.0 = Debug|Any CPU
		{43F9DC27-A309-44F1-8DF1-75896C50E75C}.Debug|iPhoneSimulator.Deploy.0 = Debug|Any CPU
		{43F9DC27-A309-44F1-8DF1-75896C50E75C}.Debug|x64.ActiveCfg = Debug|Any CPU
		{43F9DC27-A309-44F1-8DF1-75896C50E75C}.Debug|x64.Build.0 = Debug|Any CPU
		{43F9DC27-A309-44F1-8DF1-75896C50E75C}.Debug|x64.Deploy.0 = Debug|Any CPU
		{43F9DC27-A309-44F1-8DF1-75896C50E75C}.Debug|x86.ActiveCfg = Debug|Any CPU
		{43F9DC27-A309-44F1-8DF1-75896C50E75C}.Debug|x86.Build.0 = Debug|Any CPU
		{43F9DC27-A309-44F1-8DF1-75896C50E75C}.Debug|x86.Deploy.0 = Debug|Any CPU
		{43F9DC27-A309-44F1-8DF1-75896C50E75C}.Release|Any CPU.ActiveCfg = Release|Any CPU
		{43F9DC27-A309-44F1-8DF1-75896C50E75C}.Release|Any CPU.Build.0 = Release|Any CPU
		{43F9DC27-A309-44F1-8DF1-75896C50E75C}.Release|Any CPU.Deploy.0 = Release|Any CPU
		{43F9DC27-A309-44F1-8DF1-75896C50E75C}.Release|ARM.ActiveCfg = Release|Any CPU
		{43F9DC27-A309-44F1-8DF1-75896C50E75C}.Release|ARM.Build.0 = Release|Any CPU
		{43F9DC27-A309-44F1-8DF1-75896C50E75C}.Release|ARM.Deploy.0 = Release|Any CPU
		{43F9DC27-A309-44F1-8DF1-75896C50E75C}.Release|iPhone.ActiveCfg = Release|Any CPU
		{43F9DC27-A309-44F1-8DF1-75896C50E75C}.Release|iPhone.Build.0 = Release|Any CPU
		{43F9DC27-A309-44F1-8DF1-75896C50E75C}.Release|iPhone.Deploy.0 = Release|Any CPU
		{43F9DC27-A309-44F1-8DF1-75896C50E75C}.Release|iPhoneSimulator.ActiveCfg = Release|Any CPU
		{43F9DC27-A309-44F1-8DF1-75896C50E75C}.Release|iPhoneSimulator.Build.0 = Release|Any CPU
		{43F9DC27-A309-44F1-8DF1-75896C50E75C}.Release|iPhoneSimulator.Deploy.0 = Release|Any CPU
		{43F9DC27-A309-44F1-8DF1-75896C50E75C}.Release|x64.ActiveCfg = Release|Any CPU
		{43F9DC27-A309-44F1-8DF1-75896C50E75C}.Release|x64.Build.0 = Release|Any CPU
		{43F9DC27-A309-44F1-8DF1-75896C50E75C}.Release|x64.Deploy.0 = Release|Any CPU
		{43F9DC27-A309-44F1-8DF1-75896C50E75C}.Release|x86.ActiveCfg = Release|Any CPU
		{43F9DC27-A309-44F1-8DF1-75896C50E75C}.Release|x86.Build.0 = Release|Any CPU
		{43F9DC27-A309-44F1-8DF1-75896C50E75C}.Release|x86.Deploy.0 = Release|Any CPU
		{BC2C3BC5-CB62-4E3A-B664-7900CC75D716}.Ad-Hoc|Any CPU.ActiveCfg = Ad-Hoc|iPhone
		{BC2C3BC5-CB62-4E3A-B664-7900CC75D716}.Ad-Hoc|Any CPU.Build.0 = Ad-Hoc|iPhone
		{BC2C3BC5-CB62-4E3A-B664-7900CC75D716}.Ad-Hoc|Any CPU.Deploy.0 = Ad-Hoc|iPhone
		{BC2C3BC5-CB62-4E3A-B664-7900CC75D716}.Ad-Hoc|ARM.ActiveCfg = Ad-Hoc|iPhone
		{BC2C3BC5-CB62-4E3A-B664-7900CC75D716}.Ad-Hoc|ARM.Build.0 = Ad-Hoc|iPhone
		{BC2C3BC5-CB62-4E3A-B664-7900CC75D716}.Ad-Hoc|ARM.Deploy.0 = Ad-Hoc|iPhone
		{BC2C3BC5-CB62-4E3A-B664-7900CC75D716}.Ad-Hoc|iPhone.ActiveCfg = Ad-Hoc|iPhone
		{BC2C3BC5-CB62-4E3A-B664-7900CC75D716}.Ad-Hoc|iPhone.Build.0 = Ad-Hoc|iPhone
		{BC2C3BC5-CB62-4E3A-B664-7900CC75D716}.Ad-Hoc|iPhone.Deploy.0 = Ad-Hoc|iPhone
		{BC2C3BC5-CB62-4E3A-B664-7900CC75D716}.Ad-Hoc|iPhoneSimulator.ActiveCfg = Ad-Hoc|iPhoneSimulator
		{BC2C3BC5-CB62-4E3A-B664-7900CC75D716}.Ad-Hoc|iPhoneSimulator.Build.0 = Ad-Hoc|iPhoneSimulator
		{BC2C3BC5-CB62-4E3A-B664-7900CC75D716}.Ad-Hoc|iPhoneSimulator.Deploy.0 = Ad-Hoc|iPhoneSimulator
		{BC2C3BC5-CB62-4E3A-B664-7900CC75D716}.Ad-Hoc|x64.ActiveCfg = Ad-Hoc|iPhone
		{BC2C3BC5-CB62-4E3A-B664-7900CC75D716}.Ad-Hoc|x64.Build.0 = Ad-Hoc|iPhone
		{BC2C3BC5-CB62-4E3A-B664-7900CC75D716}.Ad-Hoc|x64.Deploy.0 = Ad-Hoc|iPhone
		{BC2C3BC5-CB62-4E3A-B664-7900CC75D716}.Ad-Hoc|x86.ActiveCfg = Ad-Hoc|iPhone
		{BC2C3BC5-CB62-4E3A-B664-7900CC75D716}.Ad-Hoc|x86.Build.0 = Ad-Hoc|iPhone
		{BC2C3BC5-CB62-4E3A-B664-7900CC75D716}.Ad-Hoc|x86.Deploy.0 = Ad-Hoc|iPhone
		{BC2C3BC5-CB62-4E3A-B664-7900CC75D716}.AppStore|Any CPU.ActiveCfg = AppStore|iPhone
		{BC2C3BC5-CB62-4E3A-B664-7900CC75D716}.AppStore|Any CPU.Build.0 = AppStore|iPhone
		{BC2C3BC5-CB62-4E3A-B664-7900CC75D716}.AppStore|Any CPU.Deploy.0 = AppStore|iPhone
		{BC2C3BC5-CB62-4E3A-B664-7900CC75D716}.AppStore|ARM.ActiveCfg = AppStore|iPhone
		{BC2C3BC5-CB62-4E3A-B664-7900CC75D716}.AppStore|ARM.Build.0 = AppStore|iPhone
		{BC2C3BC5-CB62-4E3A-B664-7900CC75D716}.AppStore|ARM.Deploy.0 = AppStore|iPhone
		{BC2C3BC5-CB62-4E3A-B664-7900CC75D716}.AppStore|iPhone.ActiveCfg = AppStore|iPhone
		{BC2C3BC5-CB62-4E3A-B664-7900CC75D716}.AppStore|iPhone.Build.0 = AppStore|iPhone
		{BC2C3BC5-CB62-4E3A-B664-7900CC75D716}.AppStore|iPhone.Deploy.0 = AppStore|iPhone
		{BC2C3BC5-CB62-4E3A-B664-7900CC75D716}.AppStore|iPhoneSimulator.ActiveCfg = AppStore|iPhoneSimulator
		{BC2C3BC5-CB62-4E3A-B664-7900CC75D716}.AppStore|iPhoneSimulator.Build.0 = AppStore|iPhoneSimulator
		{BC2C3BC5-CB62-4E3A-B664-7900CC75D716}.AppStore|iPhoneSimulator.Deploy.0 = AppStore|iPhoneSimulator
		{BC2C3BC5-CB62-4E3A-B664-7900CC75D716}.AppStore|x64.ActiveCfg = AppStore|iPhone
		{BC2C3BC5-CB62-4E3A-B664-7900CC75D716}.AppStore|x64.Build.0 = AppStore|iPhone
		{BC2C3BC5-CB62-4E3A-B664-7900CC75D716}.AppStore|x64.Deploy.0 = AppStore|iPhone
		{BC2C3BC5-CB62-4E3A-B664-7900CC75D716}.AppStore|x86.ActiveCfg = AppStore|iPhone
		{BC2C3BC5-CB62-4E3A-B664-7900CC75D716}.AppStore|x86.Build.0 = AppStore|iPhone
		{BC2C3BC5-CB62-4E3A-B664-7900CC75D716}.AppStore|x86.Deploy.0 = AppStore|iPhone
		{BC2C3BC5-CB62-4E3A-B664-7900CC75D716}.Debug|Any CPU.ActiveCfg = Debug|iPhoneSimulator
		{BC2C3BC5-CB62-4E3A-B664-7900CC75D716}.Debug|Any CPU.Build.0 = Debug|iPhoneSimulator
		{BC2C3BC5-CB62-4E3A-B664-7900CC75D716}.Debug|Any CPU.Deploy.0 = Debug|iPhoneSimulator
		{BC2C3BC5-CB62-4E3A-B664-7900CC75D716}.Debug|ARM.ActiveCfg = Debug|iPhone
		{BC2C3BC5-CB62-4E3A-B664-7900CC75D716}.Debug|ARM.Build.0 = Debug|iPhone
		{BC2C3BC5-CB62-4E3A-B664-7900CC75D716}.Debug|ARM.Deploy.0 = Debug|iPhone
		{BC2C3BC5-CB62-4E3A-B664-7900CC75D716}.Debug|iPhone.ActiveCfg = Debug|iPhone
		{BC2C3BC5-CB62-4E3A-B664-7900CC75D716}.Debug|iPhone.Build.0 = Debug|iPhone
		{BC2C3BC5-CB62-4E3A-B664-7900CC75D716}.Debug|iPhone.Deploy.0 = Debug|iPhone
		{BC2C3BC5-CB62-4E3A-B664-7900CC75D716}.Debug|iPhoneSimulator.ActiveCfg = Debug|iPhoneSimulator
		{BC2C3BC5-CB62-4E3A-B664-7900CC75D716}.Debug|iPhoneSimulator.Build.0 = Debug|iPhoneSimulator
		{BC2C3BC5-CB62-4E3A-B664-7900CC75D716}.Debug|iPhoneSimulator.Deploy.0 = Debug|iPhoneSimulator
		{BC2C3BC5-CB62-4E3A-B664-7900CC75D716}.Debug|x64.ActiveCfg = Debug|iPhone
		{BC2C3BC5-CB62-4E3A-B664-7900CC75D716}.Debug|x64.Build.0 = Debug|iPhone
		{BC2C3BC5-CB62-4E3A-B664-7900CC75D716}.Debug|x64.Deploy.0 = Debug|iPhone
		{BC2C3BC5-CB62-4E3A-B664-7900CC75D716}.Debug|x86.ActiveCfg = Debug|iPhone
		{BC2C3BC5-CB62-4E3A-B664-7900CC75D716}.Debug|x86.Build.0 = Debug|iPhone
		{BC2C3BC5-CB62-4E3A-B664-7900CC75D716}.Debug|x86.Deploy.0 = Debug|iPhone
		{BC2C3BC5-CB62-4E3A-B664-7900CC75D716}.Release|Any CPU.ActiveCfg = Release|iPhone
		{BC2C3BC5-CB62-4E3A-B664-7900CC75D716}.Release|Any CPU.Build.0 = Release|iPhone
		{BC2C3BC5-CB62-4E3A-B664-7900CC75D716}.Release|Any CPU.Deploy.0 = Release|iPhone
		{BC2C3BC5-CB62-4E3A-B664-7900CC75D716}.Release|ARM.ActiveCfg = Release|iPhone
		{BC2C3BC5-CB62-4E3A-B664-7900CC75D716}.Release|ARM.Build.0 = Release|iPhone
		{BC2C3BC5-CB62-4E3A-B664-7900CC75D716}.Release|ARM.Deploy.0 = Release|iPhone
		{BC2C3BC5-CB62-4E3A-B664-7900CC75D716}.Release|iPhone.ActiveCfg = Release|iPhone
		{BC2C3BC5-CB62-4E3A-B664-7900CC75D716}.Release|iPhone.Build.0 = Release|iPhone
		{BC2C3BC5-CB62-4E3A-B664-7900CC75D716}.Release|iPhone.Deploy.0 = Release|iPhone
		{BC2C3BC5-CB62-4E3A-B664-7900CC75D716}.Release|iPhoneSimulator.ActiveCfg = Release|iPhoneSimulator
		{BC2C3BC5-CB62-4E3A-B664-7900CC75D716}.Release|iPhoneSimulator.Build.0 = Release|iPhoneSimulator
		{BC2C3BC5-CB62-4E3A-B664-7900CC75D716}.Release|iPhoneSimulator.Deploy.0 = Release|iPhoneSimulator
		{BC2C3BC5-CB62-4E3A-B664-7900CC75D716}.Release|x64.ActiveCfg = Release|iPhone
		{BC2C3BC5-CB62-4E3A-B664-7900CC75D716}.Release|x64.Build.0 = Release|iPhone
		{BC2C3BC5-CB62-4E3A-B664-7900CC75D716}.Release|x64.Deploy.0 = Release|iPhone
		{BC2C3BC5-CB62-4E3A-B664-7900CC75D716}.Release|x86.ActiveCfg = Release|iPhone
		{BC2C3BC5-CB62-4E3A-B664-7900CC75D716}.Release|x86.Build.0 = Release|iPhone
		{BC2C3BC5-CB62-4E3A-B664-7900CC75D716}.Release|x86.Deploy.0 = Release|iPhone
		{A1BA24E9-C9B6-4F5A-B8B4-28BB34C67A40}.Ad-Hoc|Any CPU.ActiveCfg = Release|x86
		{A1BA24E9-C9B6-4F5A-B8B4-28BB34C67A40}.Ad-Hoc|Any CPU.Build.0 = Release|x86
		{A1BA24E9-C9B6-4F5A-B8B4-28BB34C67A40}.Ad-Hoc|Any CPU.Deploy.0 = Release|x86
		{A1BA24E9-C9B6-4F5A-B8B4-28BB34C67A40}.Ad-Hoc|ARM.ActiveCfg = Release|ARM
		{A1BA24E9-C9B6-4F5A-B8B4-28BB34C67A40}.Ad-Hoc|ARM.Build.0 = Release|ARM
		{A1BA24E9-C9B6-4F5A-B8B4-28BB34C67A40}.Ad-Hoc|ARM.Deploy.0 = Release|ARM
		{A1BA24E9-C9B6-4F5A-B8B4-28BB34C67A40}.Ad-Hoc|iPhone.ActiveCfg = Release|x86
		{A1BA24E9-C9B6-4F5A-B8B4-28BB34C67A40}.Ad-Hoc|iPhone.Build.0 = Release|x86
		{A1BA24E9-C9B6-4F5A-B8B4-28BB34C67A40}.Ad-Hoc|iPhone.Deploy.0 = Release|x86
		{A1BA24E9-C9B6-4F5A-B8B4-28BB34C67A40}.Ad-Hoc|iPhoneSimulator.ActiveCfg = Release|x86
		{A1BA24E9-C9B6-4F5A-B8B4-28BB34C67A40}.Ad-Hoc|iPhoneSimulator.Build.0 = Release|x86
		{A1BA24E9-C9B6-4F5A-B8B4-28BB34C67A40}.Ad-Hoc|iPhoneSimulator.Deploy.0 = Release|x86
		{A1BA24E9-C9B6-4F5A-B8B4-28BB34C67A40}.Ad-Hoc|x64.ActiveCfg = Release|x64
		{A1BA24E9-C9B6-4F5A-B8B4-28BB34C67A40}.Ad-Hoc|x64.Build.0 = Release|x64
		{A1BA24E9-C9B6-4F5A-B8B4-28BB34C67A40}.Ad-Hoc|x64.Deploy.0 = Release|x64
		{A1BA24E9-C9B6-4F5A-B8B4-28BB34C67A40}.Ad-Hoc|x86.ActiveCfg = Release|x86
		{A1BA24E9-C9B6-4F5A-B8B4-28BB34C67A40}.Ad-Hoc|x86.Build.0 = Release|x86
		{A1BA24E9-C9B6-4F5A-B8B4-28BB34C67A40}.Ad-Hoc|x86.Deploy.0 = Release|x86
		{A1BA24E9-C9B6-4F5A-B8B4-28BB34C67A40}.AppStore|Any CPU.ActiveCfg = Release|x86
		{A1BA24E9-C9B6-4F5A-B8B4-28BB34C67A40}.AppStore|Any CPU.Build.0 = Release|x86
		{A1BA24E9-C9B6-4F5A-B8B4-28BB34C67A40}.AppStore|Any CPU.Deploy.0 = Release|x86
		{A1BA24E9-C9B6-4F5A-B8B4-28BB34C67A40}.AppStore|ARM.ActiveCfg = Release|ARM
		{A1BA24E9-C9B6-4F5A-B8B4-28BB34C67A40}.AppStore|ARM.Build.0 = Release|ARM
		{A1BA24E9-C9B6-4F5A-B8B4-28BB34C67A40}.AppStore|ARM.Deploy.0 = Release|ARM
		{A1BA24E9-C9B6-4F5A-B8B4-28BB34C67A40}.AppStore|iPhone.ActiveCfg = Release|x86
		{A1BA24E9-C9B6-4F5A-B8B4-28BB34C67A40}.AppStore|iPhone.Build.0 = Release|x86
		{A1BA24E9-C9B6-4F5A-B8B4-28BB34C67A40}.AppStore|iPhone.Deploy.0 = Release|x86
		{A1BA24E9-C9B6-4F5A-B8B4-28BB34C67A40}.AppStore|iPhoneSimulator.ActiveCfg = Release|x86
		{A1BA24E9-C9B6-4F5A-B8B4-28BB34C67A40}.AppStore|iPhoneSimulator.Build.0 = Release|x86
		{A1BA24E9-C9B6-4F5A-B8B4-28BB34C67A40}.AppStore|iPhoneSimulator.Deploy.0 = Release|x86
		{A1BA24E9-C9B6-4F5A-B8B4-28BB34C67A40}.AppStore|x64.ActiveCfg = Release|x64
		{A1BA24E9-C9B6-4F5A-B8B4-28BB34C67A40}.AppStore|x64.Build.0 = Release|x64
		{A1BA24E9-C9B6-4F5A-B8B4-28BB34C67A40}.AppStore|x64.Deploy.0 = Release|x64
		{A1BA24E9-C9B6-4F5A-B8B4-28BB34C67A40}.AppStore|x86.ActiveCfg = Release|x86
		{A1BA24E9-C9B6-4F5A-B8B4-28BB34C67A40}.AppStore|x86.Build.0 = Release|x86
		{A1BA24E9-C9B6-4F5A-B8B4-28BB34C67A40}.AppStore|x86.Deploy.0 = Release|x86
		{A1BA24E9-C9B6-4F5A-B8B4-28BB34C67A40}.Debug|Any CPU.ActiveCfg = Debug|x86
		{A1BA24E9-C9B6-4F5A-B8B4-28BB34C67A40}.Debug|Any CPU.Build.0 = Debug|x86
		{A1BA24E9-C9B6-4F5A-B8B4-28BB34C67A40}.Debug|Any CPU.Deploy.0 = Debug|x86
		{A1BA24E9-C9B6-4F5A-B8B4-28BB34C67A40}.Debug|ARM.ActiveCfg = Debug|ARM
		{A1BA24E9-C9B6-4F5A-B8B4-28BB34C67A40}.Debug|ARM.Build.0 = Debug|ARM
		{A1BA24E9-C9B6-4F5A-B8B4-28BB34C67A40}.Debug|ARM.Deploy.0 = Debug|ARM
		{A1BA24E9-C9B6-4F5A-B8B4-28BB34C67A40}.Debug|iPhone.ActiveCfg = Debug|x86
		{A1BA24E9-C9B6-4F5A-B8B4-28BB34C67A40}.Debug|iPhone.Build.0 = Debug|x86
		{A1BA24E9-C9B6-4F5A-B8B4-28BB34C67A40}.Debug|iPhone.Deploy.0 = Debug|x86
		{A1BA24E9-C9B6-4F5A-B8B4-28BB34C67A40}.Debug|iPhoneSimulator.ActiveCfg = Debug|x86
		{A1BA24E9-C9B6-4F5A-B8B4-28BB34C67A40}.Debug|iPhoneSimulator.Build.0 = Debug|x86
		{A1BA24E9-C9B6-4F5A-B8B4-28BB34C67A40}.Debug|iPhoneSimulator.Deploy.0 = Debug|x86
		{A1BA24E9-C9B6-4F5A-B8B4-28BB34C67A40}.Debug|x64.ActiveCfg = Debug|x64
		{A1BA24E9-C9B6-4F5A-B8B4-28BB34C67A40}.Debug|x64.Build.0 = Debug|x64
		{A1BA24E9-C9B6-4F5A-B8B4-28BB34C67A40}.Debug|x64.Deploy.0 = Debug|x64
		{A1BA24E9-C9B6-4F5A-B8B4-28BB34C67A40}.Debug|x86.ActiveCfg = Debug|x86
		{A1BA24E9-C9B6-4F5A-B8B4-28BB34C67A40}.Debug|x86.Build.0 = Debug|x86
		{A1BA24E9-C9B6-4F5A-B8B4-28BB34C67A40}.Debug|x86.Deploy.0 = Debug|x86
		{A1BA24E9-C9B6-4F5A-B8B4-28BB34C67A40}.Release|Any CPU.ActiveCfg = Release|x86
		{A1BA24E9-C9B6-4F5A-B8B4-28BB34C67A40}.Release|Any CPU.Build.0 = Release|x86
		{A1BA24E9-C9B6-4F5A-B8B4-28BB34C67A40}.Release|Any CPU.Deploy.0 = Release|x86
		{A1BA24E9-C9B6-4F5A-B8B4-28BB34C67A40}.Release|ARM.ActiveCfg = Release|ARM
		{A1BA24E9-C9B6-4F5A-B8B4-28BB34C67A40}.Release|ARM.Build.0 = Release|ARM
		{A1BA24E9-C9B6-4F5A-B8B4-28BB34C67A40}.Release|ARM.Deploy.0 = Release|ARM
		{A1BA24E9-C9B6-4F5A-B8B4-28BB34C67A40}.Release|iPhone.ActiveCfg = Release|x86
		{A1BA24E9-C9B6-4F5A-B8B4-28BB34C67A40}.Release|iPhone.Build.0 = Release|x86
		{A1BA24E9-C9B6-4F5A-B8B4-28BB34C67A40}.Release|iPhone.Deploy.0 = Release|x86
		{A1BA24E9-C9B6-4F5A-B8B4-28BB34C67A40}.Release|iPhoneSimulator.ActiveCfg = Release|x86
		{A1BA24E9-C9B6-4F5A-B8B4-28BB34C67A40}.Release|iPhoneSimulator.Build.0 = Release|x86
		{A1BA24E9-C9B6-4F5A-B8B4-28BB34C67A40}.Release|iPhoneSimulator.Deploy.0 = Release|x86
		{A1BA24E9-C9B6-4F5A-B8B4-28BB34C67A40}.Release|x64.ActiveCfg = Release|x64
		{A1BA24E9-C9B6-4F5A-B8B4-28BB34C67A40}.Release|x64.Build.0 = Release|x64
		{A1BA24E9-C9B6-4F5A-B8B4-28BB34C67A40}.Release|x64.Deploy.0 = Release|x64
		{A1BA24E9-C9B6-4F5A-B8B4-28BB34C67A40}.Release|x86.ActiveCfg = Release|x86
		{A1BA24E9-C9B6-4F5A-B8B4-28BB34C67A40}.Release|x86.Build.0 = Release|x86
		{A1BA24E9-C9B6-4F5A-B8B4-28BB34C67A40}.Release|x86.Deploy.0 = Release|x86
		{D3AC18B0-9D2A-4A36-B358-C0B1A714876C}.Ad-Hoc|Any CPU.ActiveCfg = Debug|Any CPU
		{D3AC18B0-9D2A-4A36-B358-C0B1A714876C}.Ad-Hoc|Any CPU.Build.0 = Debug|Any CPU
		{D3AC18B0-9D2A-4A36-B358-C0B1A714876C}.Ad-Hoc|Any CPU.Deploy.0 = Debug|Any CPU
		{D3AC18B0-9D2A-4A36-B358-C0B1A714876C}.Ad-Hoc|ARM.ActiveCfg = Debug|Any CPU
		{D3AC18B0-9D2A-4A36-B358-C0B1A714876C}.Ad-Hoc|ARM.Build.0 = Debug|Any CPU
		{D3AC18B0-9D2A-4A36-B358-C0B1A714876C}.Ad-Hoc|ARM.Deploy.0 = Debug|Any CPU
		{D3AC18B0-9D2A-4A36-B358-C0B1A714876C}.Ad-Hoc|iPhone.ActiveCfg = Debug|Any CPU
		{D3AC18B0-9D2A-4A36-B358-C0B1A714876C}.Ad-Hoc|iPhone.Build.0 = Debug|Any CPU
		{D3AC18B0-9D2A-4A36-B358-C0B1A714876C}.Ad-Hoc|iPhone.Deploy.0 = Debug|Any CPU
		{D3AC18B0-9D2A-4A36-B358-C0B1A714876C}.Ad-Hoc|iPhoneSimulator.ActiveCfg = Debug|Any CPU
		{D3AC18B0-9D2A-4A36-B358-C0B1A714876C}.Ad-Hoc|iPhoneSimulator.Build.0 = Debug|Any CPU
		{D3AC18B0-9D2A-4A36-B358-C0B1A714876C}.Ad-Hoc|iPhoneSimulator.Deploy.0 = Debug|Any CPU
		{D3AC18B0-9D2A-4A36-B358-C0B1A714876C}.Ad-Hoc|x64.ActiveCfg = Debug|Any CPU
		{D3AC18B0-9D2A-4A36-B358-C0B1A714876C}.Ad-Hoc|x64.Build.0 = Debug|Any CPU
		{D3AC18B0-9D2A-4A36-B358-C0B1A714876C}.Ad-Hoc|x64.Deploy.0 = Debug|Any CPU
		{D3AC18B0-9D2A-4A36-B358-C0B1A714876C}.Ad-Hoc|x86.ActiveCfg = Debug|Any CPU
		{D3AC18B0-9D2A-4A36-B358-C0B1A714876C}.Ad-Hoc|x86.Build.0 = Debug|Any CPU
		{D3AC18B0-9D2A-4A36-B358-C0B1A714876C}.Ad-Hoc|x86.Deploy.0 = Debug|Any CPU
		{D3AC18B0-9D2A-4A36-B358-C0B1A714876C}.AppStore|Any CPU.ActiveCfg = Debug|Any CPU
		{D3AC18B0-9D2A-4A36-B358-C0B1A714876C}.AppStore|Any CPU.Build.0 = Debug|Any CPU
		{D3AC18B0-9D2A-4A36-B358-C0B1A714876C}.AppStore|Any CPU.Deploy.0 = Debug|Any CPU
		{D3AC18B0-9D2A-4A36-B358-C0B1A714876C}.AppStore|ARM.ActiveCfg = Debug|Any CPU
		{D3AC18B0-9D2A-4A36-B358-C0B1A714876C}.AppStore|ARM.Build.0 = Debug|Any CPU
		{D3AC18B0-9D2A-4A36-B358-C0B1A714876C}.AppStore|ARM.Deploy.0 = Debug|Any CPU
		{D3AC18B0-9D2A-4A36-B358-C0B1A714876C}.AppStore|iPhone.ActiveCfg = Debug|Any CPU
		{D3AC18B0-9D2A-4A36-B358-C0B1A714876C}.AppStore|iPhone.Build.0 = Debug|Any CPU
		{D3AC18B0-9D2A-4A36-B358-C0B1A714876C}.AppStore|iPhone.Deploy.0 = Debug|Any CPU
		{D3AC18B0-9D2A-4A36-B358-C0B1A714876C}.AppStore|iPhoneSimulator.ActiveCfg = Debug|Any CPU
		{D3AC18B0-9D2A-4A36-B358-C0B1A714876C}.AppStore|iPhoneSimulator.Build.0 = Debug|Any CPU
		{D3AC18B0-9D2A-4A36-B358-C0B1A714876C}.AppStore|iPhoneSimulator.Deploy.0 = Debug|Any CPU
		{D3AC18B0-9D2A-4A36-B358-C0B1A714876C}.AppStore|x64.ActiveCfg = Debug|Any CPU
		{D3AC18B0-9D2A-4A36-B358-C0B1A714876C}.AppStore|x64.Build.0 = Debug|Any CPU
		{D3AC18B0-9D2A-4A36-B358-C0B1A714876C}.AppStore|x64.Deploy.0 = Debug|Any CPU
		{D3AC18B0-9D2A-4A36-B358-C0B1A714876C}.AppStore|x86.ActiveCfg = Debug|Any CPU
		{D3AC18B0-9D2A-4A36-B358-C0B1A714876C}.AppStore|x86.Build.0 = Debug|Any CPU
		{D3AC18B0-9D2A-4A36-B358-C0B1A714876C}.AppStore|x86.Deploy.0 = Debug|Any CPU
		{D3AC18B0-9D2A-4A36-B358-C0B1A714876C}.Debug|Any CPU.ActiveCfg = Debug|Any CPU
		{D3AC18B0-9D2A-4A36-B358-C0B1A714876C}.Debug|Any CPU.Build.0 = Debug|Any CPU
		{D3AC18B0-9D2A-4A36-B358-C0B1A714876C}.Debug|Any CPU.Deploy.0 = Debug|Any CPU
		{D3AC18B0-9D2A-4A36-B358-C0B1A714876C}.Debug|ARM.ActiveCfg = Debug|Any CPU
		{D3AC18B0-9D2A-4A36-B358-C0B1A714876C}.Debug|ARM.Build.0 = Debug|Any CPU
		{D3AC18B0-9D2A-4A36-B358-C0B1A714876C}.Debug|ARM.Deploy.0 = Debug|Any CPU
		{D3AC18B0-9D2A-4A36-B358-C0B1A714876C}.Debug|iPhone.ActiveCfg = Debug|Any CPU
		{D3AC18B0-9D2A-4A36-B358-C0B1A714876C}.Debug|iPhone.Build.0 = Debug|Any CPU
		{D3AC18B0-9D2A-4A36-B358-C0B1A714876C}.Debug|iPhone.Deploy.0 = Debug|Any CPU
		{D3AC18B0-9D2A-4A36-B358-C0B1A714876C}.Debug|iPhoneSimulator.ActiveCfg = Debug|Any CPU
		{D3AC18B0-9D2A-4A36-B358-C0B1A714876C}.Debug|iPhoneSimulator.Build.0 = Debug|Any CPU
		{D3AC18B0-9D2A-4A36-B358-C0B1A714876C}.Debug|iPhoneSimulator.Deploy.0 = Debug|Any CPU
		{D3AC18B0-9D2A-4A36-B358-C0B1A714876C}.Debug|x64.ActiveCfg = Debug|Any CPU
		{D3AC18B0-9D2A-4A36-B358-C0B1A714876C}.Debug|x64.Build.0 = Debug|Any CPU
		{D3AC18B0-9D2A-4A36-B358-C0B1A714876C}.Debug|x64.Deploy.0 = Debug|Any CPU
		{D3AC18B0-9D2A-4A36-B358-C0B1A714876C}.Debug|x86.ActiveCfg = Debug|Any CPU
		{D3AC18B0-9D2A-4A36-B358-C0B1A714876C}.Debug|x86.Build.0 = Debug|Any CPU
		{D3AC18B0-9D2A-4A36-B358-C0B1A714876C}.Debug|x86.Deploy.0 = Debug|Any CPU
		{D3AC18B0-9D2A-4A36-B358-C0B1A714876C}.Release|Any CPU.ActiveCfg = Release|Any CPU
		{D3AC18B0-9D2A-4A36-B358-C0B1A714876C}.Release|Any CPU.Build.0 = Release|Any CPU
		{D3AC18B0-9D2A-4A36-B358-C0B1A714876C}.Release|Any CPU.Deploy.0 = Release|Any CPU
		{D3AC18B0-9D2A-4A36-B358-C0B1A714876C}.Release|ARM.ActiveCfg = Release|Any CPU
		{D3AC18B0-9D2A-4A36-B358-C0B1A714876C}.Release|ARM.Build.0 = Release|Any CPU
		{D3AC18B0-9D2A-4A36-B358-C0B1A714876C}.Release|ARM.Deploy.0 = Release|Any CPU
		{D3AC18B0-9D2A-4A36-B358-C0B1A714876C}.Release|iPhone.ActiveCfg = Release|Any CPU
		{D3AC18B0-9D2A-4A36-B358-C0B1A714876C}.Release|iPhone.Build.0 = Release|Any CPU
		{D3AC18B0-9D2A-4A36-B358-C0B1A714876C}.Release|iPhone.Deploy.0 = Release|Any CPU
		{D3AC18B0-9D2A-4A36-B358-C0B1A714876C}.Release|iPhoneSimulator.ActiveCfg = Release|Any CPU
		{D3AC18B0-9D2A-4A36-B358-C0B1A714876C}.Release|iPhoneSimulator.Build.0 = Release|Any CPU
		{D3AC18B0-9D2A-4A36-B358-C0B1A714876C}.Release|iPhoneSimulator.Deploy.0 = Release|Any CPU
		{D3AC18B0-9D2A-4A36-B358-C0B1A714876C}.Release|x64.ActiveCfg = Release|Any CPU
		{D3AC18B0-9D2A-4A36-B358-C0B1A714876C}.Release|x64.Build.0 = Release|Any CPU
		{D3AC18B0-9D2A-4A36-B358-C0B1A714876C}.Release|x64.Deploy.0 = Release|Any CPU
		{D3AC18B0-9D2A-4A36-B358-C0B1A714876C}.Release|x86.ActiveCfg = Release|Any CPU
		{D3AC18B0-9D2A-4A36-B358-C0B1A714876C}.Release|x86.Build.0 = Release|Any CPU
		{D3AC18B0-9D2A-4A36-B358-C0B1A714876C}.Release|x86.Deploy.0 = Release|Any CPU
	EndGlobalSection
	GlobalSection(SolutionProperties) = preSolution
		HideSolutionNode = FALSE
	EndGlobalSection
	GlobalSection(ExtensibilityGlobals) = postSolution
		SolutionGuid = {5C78F352-38DA-4492-9768-DAD7407B566F}
	EndGlobalSection
EndGlobal
